
Microsoft Visual Studio Solution File, Format Version 12.00
# Visual Studio Version 17
VisualStudioVersion = 17.12.35707.178
MinimumVisualStudioVersion = 10.0.40219.1
Project("{FAE04EC0-301F-11D3-BF4B-00C04F79EFBC}") = "Challenge.SolutionArchitecture.LaunchingService", "Challenge.SolutionArchitecture.LaunchingService\Challenge.SolutionArchitecture.LaunchingService.csproj", "{CECB8058-7D6F-4FAC-A592-43E06A590693}"
EndProject
Project("{FAE04EC0-301F-11D3-BF4B-00C04F79EFBC}") = "Challenge.SolutionArchitecture.LaunchingService.Tests", "..\tests\Challenge.SolutionArchitecture.LaunchingService.Tests\Challenge.SolutionArchitecture.LaunchingService.Tests.csproj", "{CF667D98-946F-4E7A-9EC5-1BB39D453D63}"
EndProject
Project("{FAE04EC0-301F-11D3-BF4B-00C04F79EFBC}") = "Challenge.SolutionArchitecture.ConsolidationService", "Challenge.SolutionArchitecture.ConsolidationService\Challenge.SolutionArchitecture.ConsolidationService.csproj", "{A474F816-C65C-4053-93A9-B6801B88E06B}"
EndProject
Project("{2150E333-8FDC-42A3-9474-1A3956D46DE8}") = "2 - Serviço de Lançamento", "2 - Serviço de Lançamento", "{07BE30F7-B838-4D1A-9E3E-FE03E5C57E51}"
EndProject
Project("{2150E333-8FDC-42A3-9474-1A3956D46DE8}") = "3 - Serviço de Consolidação", "3 - Serviço de Consolidação", "{653E03C4-5C6F-41FE-B1D7-779BFC8D4E2F}"
EndProject
Project("{FAE04EC0-301F-11D3-BF4B-00C04F79EFBC}") = "Challenge.SolutionArchitecture.ConsolidationService.Tests", "..\tests\Challenge.SolutionArchitecture.ConsolidationService.Tests\Challenge.SolutionArchitecture.ConsolidationService.Tests.csproj", "{31E956F1-BD3E-4095-8905-976C06BAEBC1}"
EndProject
Project("{FAE04EC0-301F-11D3-BF4B-00C04F79EFBC}") = "Challenge.SolutionArchitecture.ApiGateway", "Challenge.SolutionArchitecture.ApiGateway\Challenge.SolutionArchitecture.ApiGateway.csproj", "{52385CB5-8784-49B1-9EDF-D5768E630102}"
EndProject
Project("{2150E333-8FDC-42A3-9474-1A3956D46DE8}") = "1 - API Gateway", "1 - API Gateway", "{F7141E8A-3DD2-4DC3-B632-E279E28DF9CD}"
EndProject
Project("{2150E333-8FDC-42A3-9474-1A3956D46DE8}") = "2.2 - Testes", "2.2 - Testes", "{4E8F9412-EC41-4030-A3E6-B41C3459EA7A}"
EndProject
Project("{2150E333-8FDC-42A3-9474-1A3956D46DE8}") = "2.1 - Microserviço", "2.1 - Microserviço", "{BF038C58-D775-469D-9B81-5B588FB804AD}"
EndProject
Project("{2150E333-8FDC-42A3-9474-1A3956D46DE8}") = "3.1 - Microserviço", "3.1 - Microserviço", "{DE9E8CF3-C2B9-4BDA-BD87-4FF8FC856816}"
EndProject
Project("{2150E333-8FDC-42A3-9474-1A3956D46DE8}") = "3.2 - Testes", "3.2 - Testes", "{77E63CBC-603F-45BA-9233-E28444BB0338}"
EndProject
Global
	GlobalSection(SolutionConfigurationPlatforms) = preSolution
		Debug|Any CPU = Debug|Any CPU
		Release|Any CPU = Release|Any CPU
	EndGlobalSection
	GlobalSection(ProjectConfigurationPlatforms) = postSolution
		{CECB8058-7D6F-4FAC-A592-43E06A590693}.Debug|Any CPU.ActiveCfg = Debug|Any CPU
		{CECB8058-7D6F-4FAC-A592-43E06A590693}.Debug|Any CPU.Build.0 = Debug|Any CPU
		{CECB8058-7D6F-4FAC-A592-43E06A590693}.Release|Any CPU.ActiveCfg = Release|Any CPU
		{CECB8058-7D6F-4FAC-A592-43E06A590693}.Release|Any CPU.Build.0 = Release|Any CPU
		{CF667D98-946F-4E7A-9EC5-1BB39D453D63}.Debug|Any CPU.ActiveCfg = Debug|Any CPU
		{CF667D98-946F-4E7A-9EC5-1BB39D453D63}.Debug|Any CPU.Build.0 = Debug|Any CPU
		{CF667D98-946F-4E7A-9EC5-1BB39D453D63}.Release|Any CPU.ActiveCfg = Release|Any CPU
		{CF667D98-946F-4E7A-9EC5-1BB39D453D63}.Release|Any CPU.Build.0 = Release|Any CPU
		{A474F816-C65C-4053-93A9-B6801B88E06B}.Debug|Any CPU.ActiveCfg = Debug|Any CPU
		{A474F816-C65C-4053-93A9-B6801B88E06B}.Debug|Any CPU.Build.0 = Debug|Any CPU
		{A474F816-C65C-4053-93A9-B6801B88E06B}.Release|Any CPU.ActiveCfg = Release|Any CPU
		{A474F816-C65C-4053-93A9-B6801B88E06B}.Release|Any CPU.Build.0 = Release|Any CPU
		{31E956F1-BD3E-4095-8905-976C06BAEBC1}.Debug|Any CPU.ActiveCfg = Debug|Any CPU
		{31E956F1-BD3E-4095-8905-976C06BAEBC1}.Debug|Any CPU.Build.0 = Debug|Any CPU
		{31E956F1-BD3E-4095-8905-976C06BAEBC1}.Release|Any CPU.ActiveCfg = Release|Any CPU
		{31E956F1-BD3E-4095-8905-976C06BAEBC1}.Release|Any CPU.Build.0 = Release|Any CPU
		{52385CB5-8784-49B1-9EDF-D5768E630102}.Debug|Any CPU.ActiveCfg = Debug|Any CPU
		{52385CB5-8784-49B1-9EDF-D5768E630102}.Debug|Any CPU.Build.0 = Debug|Any CPU
		{52385CB5-8784-49B1-9EDF-D5768E630102}.Release|Any CPU.ActiveCfg = Release|Any CPU
		{52385CB5-8784-49B1-9EDF-D5768E630102}.Release|Any CPU.Build.0 = Release|Any CPU
	EndGlobalSection
	GlobalSection(SolutionProperties) = preSolution
		HideSolutionNode = FALSE
	EndGlobalSection
	GlobalSection(NestedProjects) = preSolution
		{CECB8058-7D6F-4FAC-A592-43E06A590693} = {BF038C58-D775-469D-9B81-5B588FB804AD}
		{CF667D98-946F-4E7A-9EC5-1BB39D453D63} = {4E8F9412-EC41-4030-A3E6-B41C3459EA7A}
		{A474F816-C65C-4053-93A9-B6801B88E06B} = {DE9E8CF3-C2B9-4BDA-BD87-4FF8FC856816}
		{31E956F1-BD3E-4095-8905-976C06BAEBC1} = {77E63CBC-603F-45BA-9233-E28444BB0338}
		{52385CB5-8784-49B1-9EDF-D5768E630102} = {F7141E8A-3DD2-4DC3-B632-E279E28DF9CD}
		{4E8F9412-EC41-4030-A3E6-B41C3459EA7A} = {07BE30F7-B838-4D1A-9E3E-FE03E5C57E51}
		{BF038C58-D775-469D-9B81-5B588FB804AD} = {07BE30F7-B838-4D1A-9E3E-FE03E5C57E51}
		{DE9E8CF3-C2B9-4BDA-BD87-4FF8FC856816} = {653E03C4-5C6F-41FE-B1D7-779BFC8D4E2F}
		{77E63CBC-603F-45BA-9233-E28444BB0338} = {653E03C4-5C6F-41FE-B1D7-779BFC8D4E2F}
	EndGlobalSection
EndGlobal
