
Microsoft Visual Studio Solution File, Format Version 12.00
# Visual Studio Version 17
VisualStudioVersion = 17.12.35707.178
MinimumVisualStudioVersion = 10.0.40219.1
Project("{FAE04EC0-301F-11D3-BF4B-00C04F79EFBC}") = "Challenge.SolutionArchitecture.LaunchingService", "Challenge.SolutionArchitecture.LaunchingService\Challenge.SolutionArchitecture.LaunchingService.csproj", "{CECB8058-7D6F-4FAC-A592-43E06A590693}"
EndProject
Project("{FAE04EC0-301F-11D3-BF4B-00C04F79EFBC}") = "Challenge.SolutionArchitecture.LaunchingService.Tests", "..\tests\Challenge.SolutionArchitecture.LaunchingService.Tests\Challenge.SolutionArchitecture.LaunchingService.Tests.csproj", "{CF667D98-946F-4E7A-9EC5-1BB39D453D63}"
EndProject
Global
	GlobalSection(SolutionConfigurationPlatforms) = preSolution
		Debug|Any CPU = Debug|Any CPU
		Release|Any CPU = Release|Any CPU
	EndGlobalSection
	GlobalSection(ProjectConfigurationPlatforms) = postSolution
		{CECB8058-7D6F-4FAC-A592-43E06A590693}.Debug|Any CPU.ActiveCfg = Debug|Any CPU
		{CECB8058-7D6F-4FAC-A592-43E06A590693}.Debug|Any CPU.Build.0 = Debug|Any CPU
		{CECB8058-7D6F-4FAC-A592-43E06A590693}.Release|Any CPU.ActiveCfg = Release|Any CPU
		{CECB8058-7D6F-4FAC-A592-43E06A590693}.Release|Any CPU.Build.0 = Release|Any CPU
		{CF667D98-946F-4E7A-9EC5-1BB39D453D63}.Debug|Any CPU.ActiveCfg = Debug|Any CPU
		{CF667D98-946F-4E7A-9EC5-1BB39D453D63}.Debug|Any CPU.Build.0 = Debug|Any CPU
		{CF667D98-946F-4E7A-9EC5-1BB39D453D63}.Release|Any CPU.ActiveCfg = Release|Any CPU
		{CF667D98-946F-4E7A-9EC5-1BB39D453D63}.Release|Any CPU.Build.0 = Release|Any CPU
	EndGlobalSection
	GlobalSection(SolutionProperties) = preSolution
		HideSolutionNode = FALSE
	EndGlobalSection
EndGlobal
